
Microsoft Visual Studio Solution File, Format Version 12.00
# Visual Studio Version 17
VisualStudioVersion = 17.2.32616.157
MinimumVisualStudioVersion = 10.0.40219.1
Project("{FAE04EC0-301F-11D3-BF4B-00C04F79EFBC}") = "z_abstract_art1990", "z_abstract_art1990.csproj", "{A9BDA24E-67F0-4F77-81F6-636685F5E3B1}"
EndProject
Global
	GlobalSection(SolutionConfigurationPlatforms) = preSolution
		Debug|Any CPU = Debug|Any CPU
		Release|Any CPU = Release|Any CPU
	EndGlobalSection
	GlobalSection(ProjectConfigurationPlatforms) = postSolution
		{A9BDA24E-67F0-4F77-81F6-636685F5E3B1}.Debug|Any CPU.ActiveCfg = Debug|Any CPU
		{A9BDA24E-67F0-4F77-81F6-636685F5E3B1}.Debug|Any CPU.Build.0 = Debug|Any CPU
		{A9BDA24E-67F0-4F77-81F6-636685F5E3B1}.Release|Any CPU.ActiveCfg = Release|Any CPU
		{A9BDA24E-67F0-4F77-81F6-636685F5E3B1}.Release|Any CPU.Build.0 = Release|Any CPU
	EndGlobalSection
	GlobalSection(SolutionProperties) = preSolution
		HideSolutionNode = FALSE
	EndGlobalSection
	GlobalSection(ExtensibilityGlobals) = postSolution
		SolutionGuid = {C4D80A0E-80A1-48F3-8023-28AB1C3871C8}
	EndGlobalSection
EndGlobal
